// !$*UTF8*$!
{
	archiveVersion = 1;
	classes = {
	};
	objectVersion = 48;
	objects = {

/* Begin PBXBuildFile section */
		39E5F1617E5E31B7CE8E4C2F /* Pods_CartonBoxTests.framework in Frameworks */ = {isa = PBXBuildFile; fileRef = 90A2BA3D382C736855257840 /* Pods_CartonBoxTests.framework */; };
		BA0E8B821FB0A4A500ECC849 /* FacebookActivityCell.swift in Sources */ = {isa = PBXBuildFile; fileRef = BA0E8B801FB0A4A500ECC849 /* FacebookActivityCell.swift */; };
		BA0E8B831FB0A4A500ECC849 /* FacebookActivityCell.xib in Resources */ = {isa = PBXBuildFile; fileRef = BA0E8B811FB0A4A500ECC849 /* FacebookActivityCell.xib */; };
		BA0E8B861FB0BD3900ECC849 /* NoActivityCell.swift in Sources */ = {isa = PBXBuildFile; fileRef = BA0E8B841FB0BD3900ECC849 /* NoActivityCell.swift */; };
		BA0E8B871FB0BD3900ECC849 /* NoActivityCell.xib in Resources */ = {isa = PBXBuildFile; fileRef = BA0E8B851FB0BD3900ECC849 /* NoActivityCell.xib */; };
		BA141C131FAEEFD200B1070C /* CartonBoxUserActivity.swift in Sources */ = {isa = PBXBuildFile; fileRef = BA141C121FAEEFD200B1070C /* CartonBoxUserActivity.swift */; };
		BA141C151FAF25B000B1070C /* ActivityController.swift in Sources */ = {isa = PBXBuildFile; fileRef = BA141C141FAF25B000B1070C /* ActivityController.swift */; };
		BA141C171FAF267200B1070C /* ActivityDataSource.swift in Sources */ = {isa = PBXBuildFile; fileRef = BA141C161FAF267200B1070C /* ActivityDataSource.swift */; };
		BA141C191FAF26CB00B1070C /* ActivityViewModel.swift in Sources */ = {isa = PBXBuildFile; fileRef = BA141C181FAF26CB00B1070C /* ActivityViewModel.swift */; };
		BA14C4791F9383850017717E /* AmazonEnum.swift in Sources */ = {isa = PBXBuildFile; fileRef = BA14C4781F9383850017717E /* AmazonEnum.swift */; };
		BA21B5CE1FA59D1600C0648F /* ProfileInfoCell.swift in Sources */ = {isa = PBXBuildFile; fileRef = BA21B5CC1FA59D1600C0648F /* ProfileInfoCell.swift */; };
		BA21B5CF1FA59D1600C0648F /* ProfileInfoCell.xib in Resources */ = {isa = PBXBuildFile; fileRef = BA21B5CD1FA59D1600C0648F /* ProfileInfoCell.xib */; };
		BA3059521F8D2082002D6418 /* ContainerController.swift in Sources */ = {isa = PBXBuildFile; fileRef = BA3059511F8D2082002D6418 /* ContainerController.swift */; };
		BA3059541F8D2209002D6418 /* EmptySegue.swift in Sources */ = {isa = PBXBuildFile; fileRef = BA3059531F8D2209002D6418 /* EmptySegue.swift */; };
		BA3059561F8D2507002D6418 /* FacebookPageInfo1Controller.swift in Sources */ = {isa = PBXBuildFile; fileRef = BA3059551F8D2507002D6418 /* FacebookPageInfo1Controller.swift */; };
		BA3059581F8D2527002D6418 /* FacebookPageInfo2Controller.swift in Sources */ = {isa = PBXBuildFile; fileRef = BA3059571F8D2527002D6418 /* FacebookPageInfo2Controller.swift */; };
		BA30595A1F8D2809002D6418 /* FacebookInfoPageController.swift in Sources */ = {isa = PBXBuildFile; fileRef = BA3059591F8D2809002D6418 /* FacebookInfoPageController.swift */; };
		BA422BFF1F8FB5E900016E8D /* FacebookSignInViewModel.swift in Sources */ = {isa = PBXBuildFile; fileRef = BA422BFE1F8FB5E900016E8D /* FacebookSignInViewModel.swift */; };
		BA422C011F8FB61600016E8D /* ProfileViewModel.swift in Sources */ = {isa = PBXBuildFile; fileRef = BA422C001F8FB61600016E8D /* ProfileViewModel.swift */; };
		BA422C0C1F8FC2DC00016E8D /* AmazonSessionProvider.swift in Sources */ = {isa = PBXBuildFile; fileRef = BA422C091F8FC2DC00016E8D /* AmazonSessionProvider.swift */; };
		BA422C0D1F8FC2DC00016E8D /* FBSessionProvider.swift in Sources */ = {isa = PBXBuildFile; fileRef = BA422C0B1F8FC2DC00016E8D /* FBSessionProvider.swift */; };
		BA422C0F1F8FC37900016E8D /* CognitoUser.swift in Sources */ = {isa = PBXBuildFile; fileRef = BA422C0E1F8FC37900016E8D /* CognitoUser.swift */; };
		BA422C111F8FC95800016E8D /* AmazonCognitoManager.swift in Sources */ = {isa = PBXBuildFile; fileRef = BA422C101F8FC95800016E8D /* AmazonCognitoManager.swift */; };
		BA4D58771F8E542600E10ECC /* awsconfiguration.json in Resources */ = {isa = PBXBuildFile; fileRef = BA4D58761F8E542600E10ECC /* awsconfiguration.json */; };
		BA6125CB1F99054C00EB5805 /* AmazonErrorEnum.swift in Sources */ = {isa = PBXBuildFile; fileRef = BA6125CA1F99054B00EB5805 /* AmazonErrorEnum.swift */; };
		BA7775B71F9CDEFD0074B568 /* CartonBoxUser.swift in Sources */ = {isa = PBXBuildFile; fileRef = BA7775B61F9CDEFD0074B568 /* CartonBoxUser.swift */; };
		BA7E42BB1FA7FAB6005C8982 /* DatePickerController.swift in Sources */ = {isa = PBXBuildFile; fileRef = BA7E42BA1FA7FAB6005C8982 /* DatePickerController.swift */; };
		BA7E42C01FA94B7B005C8982 /* CommonPickerController.swift in Sources */ = {isa = PBXBuildFile; fileRef = BA7E42BF1FA94B7B005C8982 /* CommonPickerController.swift */; };
		BA7E42C81FAB6D31005C8982 /* ProfileDataSource.swift in Sources */ = {isa = PBXBuildFile; fileRef = BA7E42C71FAB6D31005C8982 /* ProfileDataSource.swift */; };
		BA7E42CB1FAB805D005C8982 /* FacebookLoginCell.swift in Sources */ = {isa = PBXBuildFile; fileRef = BA7E42C91FAB805D005C8982 /* FacebookLoginCell.swift */; };
		BA7E42CC1FAB805D005C8982 /* FacebookCell.xib in Resources */ = {isa = PBXBuildFile; fileRef = BA7E42CA1FAB805D005C8982 /* FacebookCell.xib */; };
		BA7E42CE1FAD93DE005C8982 /* UserActivityHelper.swift in Sources */ = {isa = PBXBuildFile; fileRef = BA7E42CD1FAD93DE005C8982 /* UserActivityHelper.swift */; };
		BA7E42D21FAD9466005C8982 /* UserActivityEnum.swift in Sources */ = {isa = PBXBuildFile; fileRef = BA7E42D11FAD9466005C8982 /* UserActivityEnum.swift */; };
		BA8B83BE1F7D4C0900FC64C6 /* AppDelegate.swift in Sources */ = {isa = PBXBuildFile; fileRef = BA8B83BD1F7D4C0900FC64C6 /* AppDelegate.swift */; };
		BA8B83C51F7D4C0900FC64C6 /* Main.storyboard in Resources */ = {isa = PBXBuildFile; fileRef = BA8B83C31F7D4C0900FC64C6 /* Main.storyboard */; };
		BA8B83C71F7D4C0900FC64C6 /* Assets.xcassets in Resources */ = {isa = PBXBuildFile; fileRef = BA8B83C61F7D4C0900FC64C6 /* Assets.xcassets */; };
		BA8B83CA1F7D4C0900FC64C6 /* LaunchScreen.storyboard in Resources */ = {isa = PBXBuildFile; fileRef = BA8B83C81F7D4C0900FC64C6 /* LaunchScreen.storyboard */; };
		BA8B83D51F7D4C0900FC64C6 /* CartonBoxTests.swift in Sources */ = {isa = PBXBuildFile; fileRef = BA8B83D41F7D4C0900FC64C6 /* CartonBoxTests.swift */; };
		BAA8D7D91F8145B6008B6FCC /* ProfileController.swift in Sources */ = {isa = PBXBuildFile; fileRef = BAA8D7D81F8145B6008B6FCC /* ProfileController.swift */; };
		BAA8D7DB1F827E7C008B6FCC /* FacebookSignInController.swift in Sources */ = {isa = PBXBuildFile; fileRef = BAA8D7DA1F827E7C008B6FCC /* FacebookSignInController.swift */; };
		BAA8D7DD1F8284DF008B6FCC /* FacebookUser.swift in Sources */ = {isa = PBXBuildFile; fileRef = BAA8D7DC1F8284DF008B6FCC /* FacebookUser.swift */; };
		BAA8D7E11F834611008B6FCC /* SnackKit.framework in Frameworks */ = {isa = PBXBuildFile; fileRef = BAA8D7E01F834611008B6FCC /* SnackKit.framework */; };
		BAA8D7E31F83484D008B6FCC /* SnackKit.framework in Resources */ = {isa = PBXBuildFile; fileRef = BAA8D7E01F834611008B6FCC /* SnackKit.framework */; };
		BAA8D7E51F8348A9008B6FCC /* SnackKit.framework in CopyFiles */ = {isa = PBXBuildFile; fileRef = BAA8D7E01F834611008B6FCC /* SnackKit.framework */; settings = {ATTRIBUTES = (CodeSignOnCopy, RemoveHeadersOnCopy, ); }; };
		BAA8D7E71F83F45F008B6FCC /* BaseViewController.swift in Sources */ = {isa = PBXBuildFile; fileRef = BAA8D7E61F83F45F008B6FCC /* BaseViewController.swift */; };
		BAA8D7E91F8534E4008B6FCC /* AmazonDynamoDBManager.swift in Sources */ = {isa = PBXBuildFile; fileRef = BAA8D7E81F8534E4008B6FCC /* AmazonDynamoDBManager.swift */; };
		BAA8D7ED1F8679E2008B6FCC /* AppSetting.swift in Sources */ = {isa = PBXBuildFile; fileRef = BAA8D7EC1F8679E2008B6FCC /* AppSetting.swift */; };
		BAA8D80E1F86FFB3008B6FCC /* CustomIdentityProvider.swift in Sources */ = {isa = PBXBuildFile; fileRef = BAA8D80D1F86FFB3008B6FCC /* CustomIdentityProvider.swift */; };
		BAF9B6961FA2387300CE7958 /* LoadingController.swift in Sources */ = {isa = PBXBuildFile; fileRef = BAF9B6951FA2387100CE7958 /* LoadingController.swift */; };
		BAF9B6981FA3759500CE7958 /* General.swift in Sources */ = {isa = PBXBuildFile; fileRef = BAF9B6971FA3759400CE7958 /* General.swift */; };
		BAF9B69A1FA3766300CE7958 /* ApplicationErrorEnum.swift in Sources */ = {isa = PBXBuildFile; fileRef = BAF9B6991FA3766300CE7958 /* ApplicationErrorEnum.swift */; };
		F4743ABC6AA2748C958B61FC /* Pods_CartonBox.framework in Frameworks */ = {isa = PBXBuildFile; fileRef = 2D854C8DB84BC8B6DDEEB9C5 /* Pods_CartonBox.framework */; };
/* End PBXBuildFile section */

/* Begin PBXContainerItemProxy section */
		BA8B83D11F7D4C0900FC64C6 /* PBXContainerItemProxy */ = {
			isa = PBXContainerItemProxy;
			containerPortal = BA8B83B21F7D4C0900FC64C6 /* Project object */;
			proxyType = 1;
			remoteGlobalIDString = BA8B83B91F7D4C0900FC64C6;
			remoteInfo = CartonBox;
		};
/* End PBXContainerItemProxy section */

/* Begin PBXCopyFilesBuildPhase section */
		BAA8D7E41F834899008B6FCC /* CopyFiles */ = {
			isa = PBXCopyFilesBuildPhase;
			buildActionMask = 12;
			dstPath = "";
			dstSubfolderSpec = 10;
			files = (
				BAA8D7E51F8348A9008B6FCC /* SnackKit.framework in CopyFiles */,
			);
			runOnlyForDeploymentPostprocessing = 0;
		};
/* End PBXCopyFilesBuildPhase section */

/* Begin PBXFileReference section */
		2D854C8DB84BC8B6DDEEB9C5 /* Pods_CartonBox.framework */ = {isa = PBXFileReference; explicitFileType = wrapper.framework; includeInIndex = 0; path = Pods_CartonBox.framework; sourceTree = BUILT_PRODUCTS_DIR; };
		3B8377867803C4C94A497B5A /* Pods-CartonBox.release.xcconfig */ = {isa = PBXFileReference; includeInIndex = 1; lastKnownFileType = text.xcconfig; name = "Pods-CartonBox.release.xcconfig"; path = "Pods/Target Support Files/Pods-CartonBox/Pods-CartonBox.release.xcconfig"; sourceTree = "<group>"; };
		5C72E9BC7BA9370A23CAC385 /* Pods-CartonBox.debug.xcconfig */ = {isa = PBXFileReference; includeInIndex = 1; lastKnownFileType = text.xcconfig; name = "Pods-CartonBox.debug.xcconfig"; path = "Pods/Target Support Files/Pods-CartonBox/Pods-CartonBox.debug.xcconfig"; sourceTree = "<group>"; };
		7B6CC8D387D8F08293C6F59C /* Pods-CartonBoxTests.release.xcconfig */ = {isa = PBXFileReference; includeInIndex = 1; lastKnownFileType = text.xcconfig; name = "Pods-CartonBoxTests.release.xcconfig"; path = "Pods/Target Support Files/Pods-CartonBoxTests/Pods-CartonBoxTests.release.xcconfig"; sourceTree = "<group>"; };
		90A2BA3D382C736855257840 /* Pods_CartonBoxTests.framework */ = {isa = PBXFileReference; explicitFileType = wrapper.framework; includeInIndex = 0; path = Pods_CartonBoxTests.framework; sourceTree = BUILT_PRODUCTS_DIR; };
		BA0E8B801FB0A4A500ECC849 /* FacebookActivityCell.swift */ = {isa = PBXFileReference; lastKnownFileType = sourcecode.swift; path = FacebookActivityCell.swift; sourceTree = "<group>"; };
		BA0E8B811FB0A4A500ECC849 /* FacebookActivityCell.xib */ = {isa = PBXFileReference; lastKnownFileType = file.xib; path = FacebookActivityCell.xib; sourceTree = "<group>"; };
		BA0E8B841FB0BD3900ECC849 /* NoActivityCell.swift */ = {isa = PBXFileReference; lastKnownFileType = sourcecode.swift; path = NoActivityCell.swift; sourceTree = "<group>"; };
		BA0E8B851FB0BD3900ECC849 /* NoActivityCell.xib */ = {isa = PBXFileReference; lastKnownFileType = file.xib; path = NoActivityCell.xib; sourceTree = "<group>"; };
		BA141C121FAEEFD200B1070C /* CartonBoxUserActivity.swift */ = {isa = PBXFileReference; fileEncoding = 4; lastKnownFileType = sourcecode.swift; path = CartonBoxUserActivity.swift; sourceTree = "<group>"; };
		BA141C141FAF25B000B1070C /* ActivityController.swift */ = {isa = PBXFileReference; lastKnownFileType = sourcecode.swift; path = ActivityController.swift; sourceTree = "<group>"; };
		BA141C161FAF267200B1070C /* ActivityDataSource.swift */ = {isa = PBXFileReference; lastKnownFileType = sourcecode.swift; path = ActivityDataSource.swift; sourceTree = "<group>"; };
		BA141C181FAF26CB00B1070C /* ActivityViewModel.swift */ = {isa = PBXFileReference; lastKnownFileType = sourcecode.swift; path = ActivityViewModel.swift; sourceTree = "<group>"; };
		BA14C4781F9383850017717E /* AmazonEnum.swift */ = {isa = PBXFileReference; lastKnownFileType = sourcecode.swift; path = AmazonEnum.swift; sourceTree = "<group>"; };
		BA21B5CC1FA59D1600C0648F /* ProfileInfoCell.swift */ = {isa = PBXFileReference; lastKnownFileType = sourcecode.swift; path = ProfileInfoCell.swift; sourceTree = "<group>"; };
		BA21B5CD1FA59D1600C0648F /* ProfileInfoCell.xib */ = {isa = PBXFileReference; lastKnownFileType = file.xib; path = ProfileInfoCell.xib; sourceTree = "<group>"; };
		BA3059501F8BC6FF002D6418 /* CartonBox.entitlements */ = {isa = PBXFileReference; lastKnownFileType = text.plist.entitlements; path = CartonBox.entitlements; sourceTree = "<group>"; };
		BA3059511F8D2082002D6418 /* ContainerController.swift */ = {isa = PBXFileReference; lastKnownFileType = sourcecode.swift; path = ContainerController.swift; sourceTree = "<group>"; };
		BA3059531F8D2209002D6418 /* EmptySegue.swift */ = {isa = PBXFileReference; lastKnownFileType = sourcecode.swift; path = EmptySegue.swift; sourceTree = "<group>"; };
		BA3059551F8D2507002D6418 /* FacebookPageInfo1Controller.swift */ = {isa = PBXFileReference; lastKnownFileType = sourcecode.swift; path = FacebookPageInfo1Controller.swift; sourceTree = "<group>"; };
		BA3059571F8D2527002D6418 /* FacebookPageInfo2Controller.swift */ = {isa = PBXFileReference; lastKnownFileType = sourcecode.swift; path = FacebookPageInfo2Controller.swift; sourceTree = "<group>"; };
		BA3059591F8D2809002D6418 /* FacebookInfoPageController.swift */ = {isa = PBXFileReference; lastKnownFileType = sourcecode.swift; path = FacebookInfoPageController.swift; sourceTree = "<group>"; };
		BA422BFE1F8FB5E900016E8D /* FacebookSignInViewModel.swift */ = {isa = PBXFileReference; lastKnownFileType = sourcecode.swift; path = FacebookSignInViewModel.swift; sourceTree = "<group>"; };
		BA422C001F8FB61600016E8D /* ProfileViewModel.swift */ = {isa = PBXFileReference; lastKnownFileType = sourcecode.swift; path = ProfileViewModel.swift; sourceTree = "<group>"; };
		BA422C091F8FC2DC00016E8D /* AmazonSessionProvider.swift */ = {isa = PBXFileReference; fileEncoding = 4; lastKnownFileType = sourcecode.swift; name = AmazonSessionProvider.swift; path = CartonBox/SessionProvider/AmazonSessionProvider.swift; sourceTree = SOURCE_ROOT; };
		BA422C0B1F8FC2DC00016E8D /* FBSessionProvider.swift */ = {isa = PBXFileReference; fileEncoding = 4; lastKnownFileType = sourcecode.swift; path = FBSessionProvider.swift; sourceTree = "<group>"; };
		BA422C0E1F8FC37900016E8D /* CognitoUser.swift */ = {isa = PBXFileReference; lastKnownFileType = sourcecode.swift; path = CognitoUser.swift; sourceTree = "<group>"; };
		BA422C101F8FC95800016E8D /* AmazonCognitoManager.swift */ = {isa = PBXFileReference; lastKnownFileType = sourcecode.swift; name = AmazonCognitoManager.swift; path = CartonBox/Helpers/AmazonCognitoManager.swift; sourceTree = SOURCE_ROOT; };
		BA4D58761F8E542600E10ECC /* awsconfiguration.json */ = {isa = PBXFileReference; fileEncoding = 4; lastKnownFileType = text.json; path = awsconfiguration.json; sourceTree = "<group>"; };
		BA6125CA1F99054B00EB5805 /* AmazonErrorEnum.swift */ = {isa = PBXFileReference; lastKnownFileType = sourcecode.swift; path = AmazonErrorEnum.swift; sourceTree = "<group>"; };
		BA7775B61F9CDEFD0074B568 /* CartonBoxUser.swift */ = {isa = PBXFileReference; fileEncoding = 4; lastKnownFileType = sourcecode.swift; path = CartonBoxUser.swift; sourceTree = "<group>"; };
		BA7E42BA1FA7FAB6005C8982 /* DatePickerController.swift */ = {isa = PBXFileReference; lastKnownFileType = sourcecode.swift; path = DatePickerController.swift; sourceTree = "<group>"; };
		BA7E42BF1FA94B7B005C8982 /* CommonPickerController.swift */ = {isa = PBXFileReference; lastKnownFileType = sourcecode.swift; path = CommonPickerController.swift; sourceTree = "<group>"; };
		BA7E42C71FAB6D31005C8982 /* ProfileDataSource.swift */ = {isa = PBXFileReference; fileEncoding = 4; lastKnownFileType = sourcecode.swift; path = ProfileDataSource.swift; sourceTree = "<group>"; };
		BA7E42C91FAB805D005C8982 /* FacebookLoginCell.swift */ = {isa = PBXFileReference; lastKnownFileType = sourcecode.swift; path = FacebookLoginCell.swift; sourceTree = "<group>"; };
		BA7E42CA1FAB805D005C8982 /* FacebookCell.xib */ = {isa = PBXFileReference; lastKnownFileType = file.xib; path = FacebookCell.xib; sourceTree = "<group>"; };
		BA7E42CD1FAD93DE005C8982 /* UserActivityHelper.swift */ = {isa = PBXFileReference; lastKnownFileType = sourcecode.swift; path = UserActivityHelper.swift; sourceTree = "<group>"; };
		BA7E42D11FAD9466005C8982 /* UserActivityEnum.swift */ = {isa = PBXFileReference; lastKnownFileType = sourcecode.swift; path = UserActivityEnum.swift; sourceTree = "<group>"; };
		BA8B83BA1F7D4C0900FC64C6 /* CartonBox.app */ = {isa = PBXFileReference; explicitFileType = wrapper.application; includeInIndex = 0; path = CartonBox.app; sourceTree = BUILT_PRODUCTS_DIR; };
		BA8B83BD1F7D4C0900FC64C6 /* AppDelegate.swift */ = {isa = PBXFileReference; lastKnownFileType = sourcecode.swift; path = AppDelegate.swift; sourceTree = "<group>"; };
		BA8B83C41F7D4C0900FC64C6 /* Base */ = {isa = PBXFileReference; lastKnownFileType = file.storyboard; name = Base; path = Base.lproj/Main.storyboard; sourceTree = "<group>"; };
		BA8B83C61F7D4C0900FC64C6 /* Assets.xcassets */ = {isa = PBXFileReference; lastKnownFileType = folder.assetcatalog; path = Assets.xcassets; sourceTree = "<group>"; };
		BA8B83C91F7D4C0900FC64C6 /* Base */ = {isa = PBXFileReference; lastKnownFileType = file.storyboard; name = Base; path = Base.lproj/LaunchScreen.storyboard; sourceTree = "<group>"; };
		BA8B83CB1F7D4C0900FC64C6 /* Info.plist */ = {isa = PBXFileReference; lastKnownFileType = text.plist.xml; path = Info.plist; sourceTree = "<group>"; };
		BA8B83D01F7D4C0900FC64C6 /* CartonBoxTests.xctest */ = {isa = PBXFileReference; explicitFileType = wrapper.cfbundle; includeInIndex = 0; path = CartonBoxTests.xctest; sourceTree = BUILT_PRODUCTS_DIR; };
		BA8B83D41F7D4C0900FC64C6 /* CartonBoxTests.swift */ = {isa = PBXFileReference; lastKnownFileType = sourcecode.swift; path = CartonBoxTests.swift; sourceTree = "<group>"; };
		BA8B83D61F7D4C0900FC64C6 /* Info.plist */ = {isa = PBXFileReference; lastKnownFileType = text.plist.xml; path = Info.plist; sourceTree = "<group>"; };
		BAA8D7D81F8145B6008B6FCC /* ProfileController.swift */ = {isa = PBXFileReference; lastKnownFileType = sourcecode.swift; path = ProfileController.swift; sourceTree = "<group>"; };
		BAA8D7DA1F827E7C008B6FCC /* FacebookSignInController.swift */ = {isa = PBXFileReference; lastKnownFileType = sourcecode.swift; path = FacebookSignInController.swift; sourceTree = "<group>"; };
		BAA8D7DC1F8284DF008B6FCC /* FacebookUser.swift */ = {isa = PBXFileReference; lastKnownFileType = sourcecode.swift; path = FacebookUser.swift; sourceTree = "<group>"; };
		BAA8D7E01F834611008B6FCC /* SnackKit.framework */ = {isa = PBXFileReference; lastKnownFileType = wrapper.framework; name = SnackKit.framework; path = ../../Framework/SnackKit.framework; sourceTree = "<group>"; };
		BAA8D7E61F83F45F008B6FCC /* BaseViewController.swift */ = {isa = PBXFileReference; lastKnownFileType = sourcecode.swift; path = BaseViewController.swift; sourceTree = "<group>"; };
		BAA8D7E81F8534E4008B6FCC /* AmazonDynamoDBManager.swift */ = {isa = PBXFileReference; lastKnownFileType = sourcecode.swift; path = AmazonDynamoDBManager.swift; sourceTree = "<group>"; };
		BAA8D7EC1F8679E2008B6FCC /* AppSetting.swift */ = {isa = PBXFileReference; lastKnownFileType = sourcecode.swift; path = AppSetting.swift; sourceTree = "<group>"; };
		BAA8D80D1F86FFB3008B6FCC /* CustomIdentityProvider.swift */ = {isa = PBXFileReference; lastKnownFileType = sourcecode.swift; path = CustomIdentityProvider.swift; sourceTree = "<group>"; };
		BAF9B6951FA2387100CE7958 /* LoadingController.swift */ = {isa = PBXFileReference; lastKnownFileType = sourcecode.swift; path = LoadingController.swift; sourceTree = "<group>"; };
		BAF9B6971FA3759400CE7958 /* General.swift */ = {isa = PBXFileReference; lastKnownFileType = sourcecode.swift; name = General.swift; path = "/Users/kayweng/Documents/IOS Development/CartonBox/CartonBox/Constants/General.swift"; sourceTree = "<absolute>"; };
		BAF9B6991FA3766300CE7958 /* ApplicationErrorEnum.swift */ = {isa = PBXFileReference; lastKnownFileType = sourcecode.swift; path = ApplicationErrorEnum.swift; sourceTree = "<group>"; };
		CD0971BFFFB745BC85D34965 /* Pods-CartonBoxTests.debug.xcconfig */ = {isa = PBXFileReference; includeInIndex = 1; lastKnownFileType = text.xcconfig; name = "Pods-CartonBoxTests.debug.xcconfig"; path = "Pods/Target Support Files/Pods-CartonBoxTests/Pods-CartonBoxTests.debug.xcconfig"; sourceTree = "<group>"; };
/* End PBXFileReference section */

/* Begin PBXFrameworksBuildPhase section */
		BA8B83B71F7D4C0900FC64C6 /* Frameworks */ = {
			isa = PBXFrameworksBuildPhase;
			buildActionMask = 2147483647;
			files = (
				BAA8D7E11F834611008B6FCC /* SnackKit.framework in Frameworks */,
				F4743ABC6AA2748C958B61FC /* Pods_CartonBox.framework in Frameworks */,
			);
			runOnlyForDeploymentPostprocessing = 0;
		};
		BA8B83CD1F7D4C0900FC64C6 /* Frameworks */ = {
			isa = PBXFrameworksBuildPhase;
			buildActionMask = 2147483647;
			files = (
				39E5F1617E5E31B7CE8E4C2F /* Pods_CartonBoxTests.framework in Frameworks */,
			);
			runOnlyForDeploymentPostprocessing = 0;
		};
/* End PBXFrameworksBuildPhase section */

/* Begin PBXGroup section */
		638EBA29744C1C3E6360786F /* Pods */ = {
			isa = PBXGroup;
			children = (
				5C72E9BC7BA9370A23CAC385 /* Pods-CartonBox.debug.xcconfig */,
				3B8377867803C4C94A497B5A /* Pods-CartonBox.release.xcconfig */,
				CD0971BFFFB745BC85D34965 /* Pods-CartonBoxTests.debug.xcconfig */,
				7B6CC8D387D8F08293C6F59C /* Pods-CartonBoxTests.release.xcconfig */,
			);
			name = Pods;
			sourceTree = "<group>";
		};
		BA14C4771F93836F0017717E /* Enum */ = {
			isa = PBXGroup;
			children = (
				BA14C4781F9383850017717E /* AmazonEnum.swift */,
				BA6125CA1F99054B00EB5805 /* AmazonErrorEnum.swift */,
				BAF9B6991FA3766300CE7958 /* ApplicationErrorEnum.swift */,
				BA7E42D11FAD9466005C8982 /* UserActivityEnum.swift */,
			);
			path = Enum;
			sourceTree = "<group>";
		};
		BA21B5CB1FA59CF800C0648F /* Cells */ = {
			isa = PBXGroup;
			children = (
				BA21B5CD1FA59D1600C0648F /* ProfileInfoCell.xib */,
				BA7E42CA1FAB805D005C8982 /* FacebookCell.xib */,
				BA0E8B811FB0A4A500ECC849 /* FacebookActivityCell.xib */,
				BA0E8B851FB0BD3900ECC849 /* NoActivityCell.xib */,
			);
			path = Cells;
			sourceTree = "<group>";
		};
		BA21B5D01FA59D1C00C0648F /* Cells */ = {
			isa = PBXGroup;
			children = (
				BA0E8B841FB0BD3900ECC849 /* NoActivityCell.swift */,
				BA0E8B801FB0A4A500ECC849 /* FacebookActivityCell.swift */,
				BA21B5CC1FA59D1600C0648F /* ProfileInfoCell.swift */,
				BA7E42C91FAB805D005C8982 /* FacebookLoginCell.swift */,
			);
			path = Cells;
			sourceTree = "<group>";
		};
		BA422C081F8FC2B100016E8D /* SessionProvider */ = {
			isa = PBXGroup;
			children = (
				BAA8D80D1F86FFB3008B6FCC /* CustomIdentityProvider.swift */,
				BA422C091F8FC2DC00016E8D /* AmazonSessionProvider.swift */,
				BA422C0A1F8FC2DC00016E8D /* Facebook */,
			);
			name = SessionProvider;
			path = "New Group";
			sourceTree = "<group>";
		};
		BA422C0A1F8FC2DC00016E8D /* Facebook */ = {
			isa = PBXGroup;
			children = (
				BA422C0B1F8FC2DC00016E8D /* FBSessionProvider.swift */,
			);
			name = Facebook;
			path = CartonBox/SessionProvider/Facebook;
			sourceTree = SOURCE_ROOT;
		};
		BA6125C71F9828CB00EB5805 /* Constants */ = {
			isa = PBXGroup;
			children = (
				BAF9B6971FA3759400CE7958 /* General.swift */,
				BAA8D7EC1F8679E2008B6FCC /* AppSetting.swift */,
			);
			path = Constants;
			sourceTree = "<group>";
		};
		BA7775B51F9CDEA90074B568 /* NoSQL */ = {
			isa = PBXGroup;
			children = (
				BA141C121FAEEFD200B1070C /* CartonBoxUserActivity.swift */,
				BA7775B61F9CDEFD0074B568 /* CartonBoxUser.swift */,
			);
			path = NoSQL;
			sourceTree = "<group>";
		};
		BA7E42C61FAB6D31005C8982 /* DataSource */ = {
			isa = PBXGroup;
			children = (
				BA7E42C71FAB6D31005C8982 /* ProfileDataSource.swift */,
				BA141C161FAF267200B1070C /* ActivityDataSource.swift */,
			);
			path = DataSource;
			sourceTree = "<group>";
		};
		BA8B83B11F7D4C0900FC64C6 = {
			isa = PBXGroup;
			children = (
				BA8B83BC1F7D4C0900FC64C6 /* CartonBox */,
				BA8B83D31F7D4C0900FC64C6 /* CartonBoxTests */,
				BA8B83BB1F7D4C0900FC64C6 /* Products */,
				638EBA29744C1C3E6360786F /* Pods */,
				D6308D9B1A2900E4018E247B /* Frameworks */,
			);
			sourceTree = "<group>";
		};
		BA8B83BB1F7D4C0900FC64C6 /* Products */ = {
			isa = PBXGroup;
			children = (
				BA8B83BA1F7D4C0900FC64C6 /* CartonBox.app */,
				BA8B83D01F7D4C0900FC64C6 /* CartonBoxTests.xctest */,
			);
			name = Products;
			sourceTree = "<group>";
		};
		BA8B83BC1F7D4C0900FC64C6 /* CartonBox */ = {
			isa = PBXGroup;
			children = (
				BA8B83CB1F7D4C0900FC64C6 /* Info.plist */,
				BA3059501F8BC6FF002D6418 /* CartonBox.entitlements */,
				BA6125C71F9828CB00EB5805 /* Constants */,
				BA14C4771F93836F0017717E /* Enum */,
				BA422C081F8FC2B100016E8D /* SessionProvider */,
				BAA8D7D51F800905008B6FCC /* ViewModels */,
				BA8B83E31F7D4D5400FC64C6 /* Utils */,
				BA8B83E21F7D4D2700FC64C6 /* Helpers */,
				BA8B83E11F7D4C5500FC64C6 /* Controllers */,
				BA8B83E01F7D4C4F00FC64C6 /* Views */,
				BA8B83DF1F7D4C4000FC64C6 /* DataModel */,
			);
			path = CartonBox;
			sourceTree = "<group>";
		};
		BA8B83D31F7D4C0900FC64C6 /* CartonBoxTests */ = {
			isa = PBXGroup;
			children = (
				BA8B83D41F7D4C0900FC64C6 /* CartonBoxTests.swift */,
				BA8B83D61F7D4C0900FC64C6 /* Info.plist */,
			);
			path = CartonBoxTests;
			sourceTree = "<group>";
		};
		BA8B83DF1F7D4C4000FC64C6 /* DataModel */ = {
			isa = PBXGroup;
			children = (
				BA7775B51F9CDEA90074B568 /* NoSQL */,
				BAA8D7DC1F8284DF008B6FCC /* FacebookUser.swift */,
				BA422C0E1F8FC37900016E8D /* CognitoUser.swift */,
			);
			path = DataModel;
			sourceTree = "<group>";
		};
		BA8B83E01F7D4C4F00FC64C6 /* Views */ = {
			isa = PBXGroup;
			children = (
				BA21B5CB1FA59CF800C0648F /* Cells */,
				BA8B83C31F7D4C0900FC64C6 /* Main.storyboard */,
				BA8B83C81F7D4C0900FC64C6 /* LaunchScreen.storyboard */,
			);
			path = Views;
			sourceTree = "<group>";
		};
		BA8B83E11F7D4C5500FC64C6 /* Controllers */ = {
			isa = PBXGroup;
			children = (
				BA7E42C61FAB6D31005C8982 /* DataSource */,
				BA21B5D01FA59D1C00C0648F /* Cells */,
				BA8B83BD1F7D4C0900FC64C6 /* AppDelegate.swift */,
				BA3059511F8D2082002D6418 /* ContainerController.swift */,
				BAA8D7D81F8145B6008B6FCC /* ProfileController.swift */,
				BAA8D7DA1F827E7C008B6FCC /* FacebookSignInController.swift */,
				BAA8D7E61F83F45F008B6FCC /* BaseViewController.swift */,
				BA3059551F8D2507002D6418 /* FacebookPageInfo1Controller.swift */,
				BA3059571F8D2527002D6418 /* FacebookPageInfo2Controller.swift */,
				BA3059591F8D2809002D6418 /* FacebookInfoPageController.swift */,
				BAF9B6951FA2387100CE7958 /* LoadingController.swift */,
				BA7E42BA1FA7FAB6005C8982 /* DatePickerController.swift */,
				BA7E42BF1FA94B7B005C8982 /* CommonPickerController.swift */,
				BA141C141FAF25B000B1070C /* ActivityController.swift */,
			);
			path = Controllers;
			sourceTree = "<group>";
		};
		BA8B83E21F7D4D2700FC64C6 /* Helpers */ = {
			isa = PBXGroup;
			children = (
				BA422C101F8FC95800016E8D /* AmazonCognitoManager.swift */,
				BAA8D7E81F8534E4008B6FCC /* AmazonDynamoDBManager.swift */,
				BA3059531F8D2209002D6418 /* EmptySegue.swift */,
				BA7E42CD1FAD93DE005C8982 /* UserActivityHelper.swift */,
			);
			path = Helpers;
			sourceTree = "<group>";
		};
		BA8B83E31F7D4D5400FC64C6 /* Utils */ = {
			isa = PBXGroup;
			children = (
				BA4D58761F8E542600E10ECC /* awsconfiguration.json */,
				BA8B83C61F7D4C0900FC64C6 /* Assets.xcassets */,
			);
			path = Utils;
			sourceTree = "<group>";
		};
		BAA8D7D51F800905008B6FCC /* ViewModels */ = {
			isa = PBXGroup;
			children = (
				BA422BFE1F8FB5E900016E8D /* FacebookSignInViewModel.swift */,
				BA422C001F8FB61600016E8D /* ProfileViewModel.swift */,
				BA141C181FAF26CB00B1070C /* ActivityViewModel.swift */,
			);
			path = ViewModels;
			sourceTree = "<group>";
		};
		D6308D9B1A2900E4018E247B /* Frameworks */ = {
			isa = PBXGroup;
			children = (
				BAA8D7E01F834611008B6FCC /* SnackKit.framework */,
				2D854C8DB84BC8B6DDEEB9C5 /* Pods_CartonBox.framework */,
				90A2BA3D382C736855257840 /* Pods_CartonBoxTests.framework */,
			);
			name = Frameworks;
			sourceTree = "<group>";
		};
/* End PBXGroup section */

/* Begin PBXNativeTarget section */
		BA8B83B91F7D4C0900FC64C6 /* CartonBox */ = {
			isa = PBXNativeTarget;
			buildConfigurationList = BA8B83D91F7D4C0900FC64C6 /* Build configuration list for PBXNativeTarget "CartonBox" */;
			buildPhases = (
				ACF8C2EFF9D7D04BB9925D32 /* [CP] Check Pods Manifest.lock */,
				BA8B83B61F7D4C0900FC64C6 /* Sources */,
				BA8B83B71F7D4C0900FC64C6 /* Frameworks */,
				BA8B83B81F7D4C0900FC64C6 /* Resources */,
				0464B7D6CD0967F5F1671A7C /* [CP] Embed Pods Frameworks */,
				9181D66C8329866D5B76D56A /* [CP] Copy Pods Resources */,
				BAA8D7E41F834899008B6FCC /* CopyFiles */,
			);
			buildRules = (
			);
			dependencies = (
			);
			name = CartonBox;
			productName = CartonBox;
			productReference = BA8B83BA1F7D4C0900FC64C6 /* CartonBox.app */;
			productType = "com.apple.product-type.application";
		};
		BA8B83CF1F7D4C0900FC64C6 /* CartonBoxTests */ = {
			isa = PBXNativeTarget;
			buildConfigurationList = BA8B83DC1F7D4C0900FC64C6 /* Build configuration list for PBXNativeTarget "CartonBoxTests" */;
			buildPhases = (
				B04A08609B8D9CC0B9205FA2 /* [CP] Check Pods Manifest.lock */,
				BA8B83CC1F7D4C0900FC64C6 /* Sources */,
				BA8B83CD1F7D4C0900FC64C6 /* Frameworks */,
				BA8B83CE1F7D4C0900FC64C6 /* Resources */,
				49A606E6D568C8B3E2F230A0 /* [CP] Embed Pods Frameworks */,
				2C5178E57825655B124BDFB2 /* [CP] Copy Pods Resources */,
			);
			buildRules = (
			);
			dependencies = (
				BA8B83D21F7D4C0900FC64C6 /* PBXTargetDependency */,
			);
			name = CartonBoxTests;
			productName = CartonBoxTests;
			productReference = BA8B83D01F7D4C0900FC64C6 /* CartonBoxTests.xctest */;
			productType = "com.apple.product-type.bundle.unit-test";
		};
/* End PBXNativeTarget section */

/* Begin PBXProject section */
		BA8B83B21F7D4C0900FC64C6 /* Project object */ = {
			isa = PBXProject;
			attributes = {
				LastSwiftUpdateCheck = 0900;
				LastUpgradeCheck = 0900;
				ORGANIZATIONNAME = "kay weng";
				TargetAttributes = {
					BA8B83B91F7D4C0900FC64C6 = {
						CreatedOnToolsVersion = 9.0;
						ProvisioningStyle = Automatic;
						SystemCapabilities = {
							com.apple.Keychain = {
								enabled = 1;
							};
						};
					};
					BA8B83CF1F7D4C0900FC64C6 = {
						CreatedOnToolsVersion = 9.0;
						ProvisioningStyle = Automatic;
						TestTargetID = BA8B83B91F7D4C0900FC64C6;
					};
				};
			};
			buildConfigurationList = BA8B83B51F7D4C0900FC64C6 /* Build configuration list for PBXProject "CartonBox" */;
			compatibilityVersion = "Xcode 8.0";
			developmentRegion = en;
			hasScannedForEncodings = 0;
			knownRegions = (
				en,
				Base,
			);
			mainGroup = BA8B83B11F7D4C0900FC64C6;
			productRefGroup = BA8B83BB1F7D4C0900FC64C6 /* Products */;
			projectDirPath = "";
			projectRoot = "";
			targets = (
				BA8B83B91F7D4C0900FC64C6 /* CartonBox */,
				BA8B83CF1F7D4C0900FC64C6 /* CartonBoxTests */,
			);
		};
/* End PBXProject section */

/* Begin PBXResourcesBuildPhase section */
		BA8B83B81F7D4C0900FC64C6 /* Resources */ = {
			isa = PBXResourcesBuildPhase;
			buildActionMask = 2147483647;
			files = (
				BA0E8B831FB0A4A500ECC849 /* FacebookActivityCell.xib in Resources */,
				BA4D58771F8E542600E10ECC /* awsconfiguration.json in Resources */,
				BA0E8B871FB0BD3900ECC849 /* NoActivityCell.xib in Resources */,
				BA7E42CC1FAB805D005C8982 /* FacebookCell.xib in Resources */,
				BAA8D7E31F83484D008B6FCC /* SnackKit.framework in Resources */,
				BA8B83CA1F7D4C0900FC64C6 /* LaunchScreen.storyboard in Resources */,
				BA8B83C71F7D4C0900FC64C6 /* Assets.xcassets in Resources */,
				BA8B83C51F7D4C0900FC64C6 /* Main.storyboard in Resources */,
				BA21B5CF1FA59D1600C0648F /* ProfileInfoCell.xib in Resources */,
			);
			runOnlyForDeploymentPostprocessing = 0;
		};
		BA8B83CE1F7D4C0900FC64C6 /* Resources */ = {
			isa = PBXResourcesBuildPhase;
			buildActionMask = 2147483647;
			files = (
			);
			runOnlyForDeploymentPostprocessing = 0;
		};
/* End PBXResourcesBuildPhase section */

/* Begin PBXShellScriptBuildPhase section */
		0464B7D6CD0967F5F1671A7C /* [CP] Embed Pods Frameworks */ = {
			isa = PBXShellScriptBuildPhase;
			buildActionMask = 2147483647;
			files = (
			);
			inputPaths = (
				"${SRCROOT}/Pods/Target Support Files/Pods-CartonBox/Pods-CartonBox-frameworks.sh",
				"${BUILT_PRODUCTS_DIR}/AWSAuthCore/AWSAuthCore.framework",
				"${BUILT_PRODUCTS_DIR}/AWSAuthUI/AWSAuthUI.framework",
				"${BUILT_PRODUCTS_DIR}/AWSCognito/AWSCognito.framework",
				"${BUILT_PRODUCTS_DIR}/AWSCognitoIdentityProvider/AWSCognitoIdentityProvider.framework",
				"${BUILT_PRODUCTS_DIR}/AWSCore/AWSCore.framework",
				"${BUILT_PRODUCTS_DIR}/AWSDynamoDB/AWSDynamoDB.framework",
				"${BUILT_PRODUCTS_DIR}/AWSFacebookSignIn/AWSFacebookSignIn.framework",
				"${BUILT_PRODUCTS_DIR}/AWSLambda/AWSLambda.framework",
				"${BUILT_PRODUCTS_DIR}/AWSRekognition/AWSRekognition.framework",
				"${BUILT_PRODUCTS_DIR}/AWSS3/AWSS3.framework",
				"${BUILT_PRODUCTS_DIR}/AWSSNS/AWSSNS.framework",
				"${BUILT_PRODUCTS_DIR}/AWSSQS/AWSSQS.framework",
				"${BUILT_PRODUCTS_DIR}/AWSSimpleDB/AWSSimpleDB.framework",
				"${BUILT_PRODUCTS_DIR}/Bolts/Bolts.framework",
				"${BUILT_PRODUCTS_DIR}/FBSDKCoreKit/FBSDKCoreKit.framework",
				"${BUILT_PRODUCTS_DIR}/FBSDKLoginKit/FBSDKLoginKit.framework",
				"${BUILT_PRODUCTS_DIR}/UICKeyChainStore/UICKeyChainStore.framework",
			);
			name = "[CP] Embed Pods Frameworks";
			outputPaths = (
				"${TARGET_BUILD_DIR}/${FRAMEWORKS_FOLDER_PATH}/AWSAuthCore.framework",
				"${TARGET_BUILD_DIR}/${FRAMEWORKS_FOLDER_PATH}/AWSAuthUI.framework",
				"${TARGET_BUILD_DIR}/${FRAMEWORKS_FOLDER_PATH}/AWSCognito.framework",
				"${TARGET_BUILD_DIR}/${FRAMEWORKS_FOLDER_PATH}/AWSCognitoIdentityProvider.framework",
				"${TARGET_BUILD_DIR}/${FRAMEWORKS_FOLDER_PATH}/AWSCore.framework",
				"${TARGET_BUILD_DIR}/${FRAMEWORKS_FOLDER_PATH}/AWSDynamoDB.framework",
				"${TARGET_BUILD_DIR}/${FRAMEWORKS_FOLDER_PATH}/AWSFacebookSignIn.framework",
				"${TARGET_BUILD_DIR}/${FRAMEWORKS_FOLDER_PATH}/AWSLambda.framework",
				"${TARGET_BUILD_DIR}/${FRAMEWORKS_FOLDER_PATH}/AWSRekognition.framework",
				"${TARGET_BUILD_DIR}/${FRAMEWORKS_FOLDER_PATH}/AWSS3.framework",
				"${TARGET_BUILD_DIR}/${FRAMEWORKS_FOLDER_PATH}/AWSSNS.framework",
				"${TARGET_BUILD_DIR}/${FRAMEWORKS_FOLDER_PATH}/AWSSQS.framework",
				"${TARGET_BUILD_DIR}/${FRAMEWORKS_FOLDER_PATH}/AWSSimpleDB.framework",
				"${TARGET_BUILD_DIR}/${FRAMEWORKS_FOLDER_PATH}/Bolts.framework",
				"${TARGET_BUILD_DIR}/${FRAMEWORKS_FOLDER_PATH}/FBSDKCoreKit.framework",
				"${TARGET_BUILD_DIR}/${FRAMEWORKS_FOLDER_PATH}/FBSDKLoginKit.framework",
				"${TARGET_BUILD_DIR}/${FRAMEWORKS_FOLDER_PATH}/UICKeyChainStore.framework",
			);
			runOnlyForDeploymentPostprocessing = 0;
			shellPath = /bin/sh;
			shellScript = "\"${SRCROOT}/Pods/Target Support Files/Pods-CartonBox/Pods-CartonBox-frameworks.sh\"\n";
			showEnvVarsInLog = 0;
		};
		2C5178E57825655B124BDFB2 /* [CP] Copy Pods Resources */ = {
			isa = PBXShellScriptBuildPhase;
			buildActionMask = 2147483647;
			files = (
			);
			inputPaths = (
			);
			name = "[CP] Copy Pods Resources";
			outputPaths = (
			);
			runOnlyForDeploymentPostprocessing = 0;
			shellPath = /bin/sh;
			shellScript = "\"${SRCROOT}/Pods/Target Support Files/Pods-CartonBoxTests/Pods-CartonBoxTests-resources.sh\"\n";
			showEnvVarsInLog = 0;
		};
		49A606E6D568C8B3E2F230A0 /* [CP] Embed Pods Frameworks */ = {
			isa = PBXShellScriptBuildPhase;
			buildActionMask = 2147483647;
			files = (
			);
			inputPaths = (
			);
			name = "[CP] Embed Pods Frameworks";
			outputPaths = (
			);
			runOnlyForDeploymentPostprocessing = 0;
			shellPath = /bin/sh;
			shellScript = "\"${SRCROOT}/Pods/Target Support Files/Pods-CartonBoxTests/Pods-CartonBoxTests-frameworks.sh\"\n";
			showEnvVarsInLog = 0;
		};
		9181D66C8329866D5B76D56A /* [CP] Copy Pods Resources */ = {
			isa = PBXShellScriptBuildPhase;
			buildActionMask = 2147483647;
			files = (
			);
			inputPaths = (
			);
			name = "[CP] Copy Pods Resources";
			outputPaths = (
			);
			runOnlyForDeploymentPostprocessing = 0;
			shellPath = /bin/sh;
			shellScript = "\"${SRCROOT}/Pods/Target Support Files/Pods-CartonBox/Pods-CartonBox-resources.sh\"\n";
			showEnvVarsInLog = 0;
		};
		ACF8C2EFF9D7D04BB9925D32 /* [CP] Check Pods Manifest.lock */ = {
			isa = PBXShellScriptBuildPhase;
			buildActionMask = 2147483647;
			files = (
			);
			inputPaths = (
				"${PODS_PODFILE_DIR_PATH}/Podfile.lock",
				"${PODS_ROOT}/Manifest.lock",
			);
			name = "[CP] Check Pods Manifest.lock";
			outputPaths = (
				"$(DERIVED_FILE_DIR)/Pods-CartonBox-checkManifestLockResult.txt",
			);
			runOnlyForDeploymentPostprocessing = 0;
			shellPath = /bin/sh;
			shellScript = "diff \"${PODS_PODFILE_DIR_PATH}/Podfile.lock\" \"${PODS_ROOT}/Manifest.lock\" > /dev/null\nif [ $? != 0 ] ; then\n    # print error to STDERR\n    echo \"error: The sandbox is not in sync with the Podfile.lock. Run 'pod install' or update your CocoaPods installation.\" >&2\n    exit 1\nfi\n# This output is used by Xcode 'outputs' to avoid re-running this script phase.\necho \"SUCCESS\" > \"${SCRIPT_OUTPUT_FILE_0}\"\n";
			showEnvVarsInLog = 0;
		};
		B04A08609B8D9CC0B9205FA2 /* [CP] Check Pods Manifest.lock */ = {
			isa = PBXShellScriptBuildPhase;
			buildActionMask = 2147483647;
			files = (
			);
			inputPaths = (
				"${PODS_PODFILE_DIR_PATH}/Podfile.lock",
				"${PODS_ROOT}/Manifest.lock",
			);
			name = "[CP] Check Pods Manifest.lock";
			outputPaths = (
				"$(DERIVED_FILE_DIR)/Pods-CartonBoxTests-checkManifestLockResult.txt",
			);
			runOnlyForDeploymentPostprocessing = 0;
			shellPath = /bin/sh;
			shellScript = "diff \"${PODS_PODFILE_DIR_PATH}/Podfile.lock\" \"${PODS_ROOT}/Manifest.lock\" > /dev/null\nif [ $? != 0 ] ; then\n    # print error to STDERR\n    echo \"error: The sandbox is not in sync with the Podfile.lock. Run 'pod install' or update your CocoaPods installation.\" >&2\n    exit 1\nfi\n# This output is used by Xcode 'outputs' to avoid re-running this script phase.\necho \"SUCCESS\" > \"${SCRIPT_OUTPUT_FILE_0}\"\n";
			showEnvVarsInLog = 0;
		};
/* End PBXShellScriptBuildPhase section */

/* Begin PBXSourcesBuildPhase section */
		BA8B83B61F7D4C0900FC64C6 /* Sources */ = {
			isa = PBXSourcesBuildPhase;
			buildActionMask = 2147483647;
			files = (
				BA141C131FAEEFD200B1070C /* CartonBoxUserActivity.swift in Sources */,
				BAF9B6961FA2387300CE7958 /* LoadingController.swift in Sources */,
				BA141C151FAF25B000B1070C /* ActivityController.swift in Sources */,
				BA0E8B821FB0A4A500ECC849 /* FacebookActivityCell.swift in Sources */,
				BA3059561F8D2507002D6418 /* FacebookPageInfo1Controller.swift in Sources */,
				BAA8D7E71F83F45F008B6FCC /* BaseViewController.swift in Sources */,
				BA7E42CB1FAB805D005C8982 /* FacebookLoginCell.swift in Sources */,
				BA0E8B861FB0BD3900ECC849 /* NoActivityCell.swift in Sources */,
				BA21B5CE1FA59D1600C0648F /* ProfileInfoCell.swift in Sources */,
				BA30595A1F8D2809002D6418 /* FacebookInfoPageController.swift in Sources */,
				BA422C0F1F8FC37900016E8D /* CognitoUser.swift in Sources */,
				BA3059521F8D2082002D6418 /* ContainerController.swift in Sources */,
				BAA8D7E91F8534E4008B6FCC /* AmazonDynamoDBManager.swift in Sources */,
				BAF9B69A1FA3766300CE7958 /* ApplicationErrorEnum.swift in Sources */,
				BA14C4791F9383850017717E /* AmazonEnum.swift in Sources */,
				BA7775B71F9CDEFD0074B568 /* CartonBoxUser.swift in Sources */,
				BA7E42C01FA94B7B005C8982 /* CommonPickerController.swift in Sources */,
				BAA8D7D91F8145B6008B6FCC /* ProfileController.swift in Sources */,
				BA141C171FAF267200B1070C /* ActivityDataSource.swift in Sources */,
				BA7E42BB1FA7FAB6005C8982 /* DatePickerController.swift in Sources */,
				BA8B83BE1F7D4C0900FC64C6 /* AppDelegate.swift in Sources */,
				BA422C0D1F8FC2DC00016E8D /* FBSessionProvider.swift in Sources */,
				BA422BFF1F8FB5E900016E8D /* FacebookSignInViewModel.swift in Sources */,
				BA7E42D21FAD9466005C8982 /* UserActivityEnum.swift in Sources */,
				BAA8D7DB1F827E7C008B6FCC /* FacebookSignInController.swift in Sources */,
				BA7E42CE1FAD93DE005C8982 /* UserActivityHelper.swift in Sources */,
				BA3059541F8D2209002D6418 /* EmptySegue.swift in Sources */,
				BA422C111F8FC95800016E8D /* AmazonCognitoManager.swift in Sources */,
				BAA8D7DD1F8284DF008B6FCC /* FacebookUser.swift in Sources */,
				BA7E42C81FAB6D31005C8982 /* ProfileDataSource.swift in Sources */,
				BAA8D7ED1F8679E2008B6FCC /* AppSetting.swift in Sources */,
				BA6125CB1F99054C00EB5805 /* AmazonErrorEnum.swift in Sources */,
				BA422C0C1F8FC2DC00016E8D /* AmazonSessionProvider.swift in Sources */,
				BAF9B6981FA3759500CE7958 /* General.swift in Sources */,
				BA422C011F8FB61600016E8D /* ProfileViewModel.swift in Sources */,
				BAA8D80E1F86FFB3008B6FCC /* CustomIdentityProvider.swift in Sources */,
				BA3059581F8D2527002D6418 /* FacebookPageInfo2Controller.swift in Sources */,
				BA141C191FAF26CB00B1070C /* ActivityViewModel.swift in Sources */,
			);
			runOnlyForDeploymentPostprocessing = 0;
		};
		BA8B83CC1F7D4C0900FC64C6 /* Sources */ = {
			isa = PBXSourcesBuildPhase;
			buildActionMask = 2147483647;
			files = (
				BA8B83D51F7D4C0900FC64C6 /* CartonBoxTests.swift in Sources */,
			);
			runOnlyForDeploymentPostprocessing = 0;
		};
/* End PBXSourcesBuildPhase section */

/* Begin PBXTargetDependency section */
		BA8B83D21F7D4C0900FC64C6 /* PBXTargetDependency */ = {
			isa = PBXTargetDependency;
			target = BA8B83B91F7D4C0900FC64C6 /* CartonBox */;
			targetProxy = BA8B83D11F7D4C0900FC64C6 /* PBXContainerItemProxy */;
		};
/* End PBXTargetDependency section */

/* Begin PBXVariantGroup section */
		BA8B83C31F7D4C0900FC64C6 /* Main.storyboard */ = {
			isa = PBXVariantGroup;
			children = (
				BA8B83C41F7D4C0900FC64C6 /* Base */,
			);
			name = Main.storyboard;
			sourceTree = "<group>";
		};
		BA8B83C81F7D4C0900FC64C6 /* LaunchScreen.storyboard */ = {
			isa = PBXVariantGroup;
			children = (
				BA8B83C91F7D4C0900FC64C6 /* Base */,
			);
			name = LaunchScreen.storyboard;
			sourceTree = "<group>";
		};
/* End PBXVariantGroup section */

/* Begin XCBuildConfiguration section */
		BA8B83D71F7D4C0900FC64C6 /* Debug */ = {
			isa = XCBuildConfiguration;
			buildSettings = {
				ALWAYS_SEARCH_USER_PATHS = NO;
				CLANG_ANALYZER_NONNULL = YES;
				CLANG_ANALYZER_NUMBER_OBJECT_CONVERSION = YES_AGGRESSIVE;
				CLANG_CXX_LANGUAGE_STANDARD = "gnu++14";
				CLANG_CXX_LIBRARY = "libc++";
				CLANG_ENABLE_MODULES = YES;
				CLANG_ENABLE_OBJC_ARC = YES;
				CLANG_WARN_BLOCK_CAPTURE_AUTORELEASING = YES;
				CLANG_WARN_BOOL_CONVERSION = YES;
				CLANG_WARN_COMMA = YES;
				CLANG_WARN_CONSTANT_CONVERSION = YES;
				CLANG_WARN_DIRECT_OBJC_ISA_USAGE = YES_ERROR;
				CLANG_WARN_DOCUMENTATION_COMMENTS = YES;
				CLANG_WARN_EMPTY_BODY = YES;
				CLANG_WARN_ENUM_CONVERSION = YES;
				CLANG_WARN_INFINITE_RECURSION = YES;
				CLANG_WARN_INT_CONVERSION = YES;
				CLANG_WARN_NON_LITERAL_NULL_CONVERSION = YES;
				CLANG_WARN_OBJC_LITERAL_CONVERSION = YES;
				CLANG_WARN_OBJC_ROOT_CLASS = YES_ERROR;
				CLANG_WARN_RANGE_LOOP_ANALYSIS = YES;
				CLANG_WARN_STRICT_PROTOTYPES = YES;
				CLANG_WARN_SUSPICIOUS_MOVE = YES;
				CLANG_WARN_UNGUARDED_AVAILABILITY = YES_AGGRESSIVE;
				CLANG_WARN_UNREACHABLE_CODE = YES;
				CLANG_WARN__DUPLICATE_METHOD_MATCH = YES;
				CODE_SIGN_IDENTITY = "iPhone Developer";
				COPY_PHASE_STRIP = NO;
				DEBUG_INFORMATION_FORMAT = dwarf;
				ENABLE_STRICT_OBJC_MSGSEND = YES;
				ENABLE_TESTABILITY = YES;
				GCC_C_LANGUAGE_STANDARD = gnu11;
				GCC_DYNAMIC_NO_PIC = NO;
				GCC_NO_COMMON_BLOCKS = YES;
				GCC_OPTIMIZATION_LEVEL = 0;
				GCC_PREPROCESSOR_DEFINITIONS = (
					"DEBUG=1",
					"$(inherited)",
				);
				GCC_WARN_64_TO_32_BIT_CONVERSION = YES;
				GCC_WARN_ABOUT_RETURN_TYPE = YES_ERROR;
				GCC_WARN_UNDECLARED_SELECTOR = YES;
				GCC_WARN_UNINITIALIZED_AUTOS = YES_AGGRESSIVE;
				GCC_WARN_UNUSED_FUNCTION = YES;
				GCC_WARN_UNUSED_VARIABLE = YES;
				IPHONEOS_DEPLOYMENT_TARGET = 11.0;
				MTL_ENABLE_DEBUG_INFO = YES;
				ONLY_ACTIVE_ARCH = YES;
				SDKROOT = iphoneos;
				SWIFT_ACTIVE_COMPILATION_CONDITIONS = DEBUG;
				SWIFT_OPTIMIZATION_LEVEL = "-Onone";
			};
			name = Debug;
		};
		BA8B83D81F7D4C0900FC64C6 /* Release */ = {
			isa = XCBuildConfiguration;
			buildSettings = {
				ALWAYS_SEARCH_USER_PATHS = NO;
				CLANG_ANALYZER_NONNULL = YES;
				CLANG_ANALYZER_NUMBER_OBJECT_CONVERSION = YES_AGGRESSIVE;
				CLANG_CXX_LANGUAGE_STANDARD = "gnu++14";
				CLANG_CXX_LIBRARY = "libc++";
				CLANG_ENABLE_MODULES = YES;
				CLANG_ENABLE_OBJC_ARC = YES;
				CLANG_WARN_BLOCK_CAPTURE_AUTORELEASING = YES;
				CLANG_WARN_BOOL_CONVERSION = YES;
				CLANG_WARN_COMMA = YES;
				CLANG_WARN_CONSTANT_CONVERSION = YES;
				CLANG_WARN_DIRECT_OBJC_ISA_USAGE = YES_ERROR;
				CLANG_WARN_DOCUMENTATION_COMMENTS = YES;
				CLANG_WARN_EMPTY_BODY = YES;
				CLANG_WARN_ENUM_CONVERSION = YES;
				CLANG_WARN_INFINITE_RECURSION = YES;
				CLANG_WARN_INT_CONVERSION = YES;
				CLANG_WARN_NON_LITERAL_NULL_CONVERSION = YES;
				CLANG_WARN_OBJC_LITERAL_CONVERSION = YES;
				CLANG_WARN_OBJC_ROOT_CLASS = YES_ERROR;
				CLANG_WARN_RANGE_LOOP_ANALYSIS = YES;
				CLANG_WARN_STRICT_PROTOTYPES = YES;
				CLANG_WARN_SUSPICIOUS_MOVE = YES;
				CLANG_WARN_UNGUARDED_AVAILABILITY = YES_AGGRESSIVE;
				CLANG_WARN_UNREACHABLE_CODE = YES;
				CLANG_WARN__DUPLICATE_METHOD_MATCH = YES;
				CODE_SIGN_IDENTITY = "iPhone Developer";
				COPY_PHASE_STRIP = NO;
				DEBUG_INFORMATION_FORMAT = "dwarf-with-dsym";
				ENABLE_NS_ASSERTIONS = NO;
				ENABLE_STRICT_OBJC_MSGSEND = YES;
				GCC_C_LANGUAGE_STANDARD = gnu11;
				GCC_NO_COMMON_BLOCKS = YES;
				GCC_WARN_64_TO_32_BIT_CONVERSION = YES;
				GCC_WARN_ABOUT_RETURN_TYPE = YES_ERROR;
				GCC_WARN_UNDECLARED_SELECTOR = YES;
				GCC_WARN_UNINITIALIZED_AUTOS = YES_AGGRESSIVE;
				GCC_WARN_UNUSED_FUNCTION = YES;
				GCC_WARN_UNUSED_VARIABLE = YES;
				IPHONEOS_DEPLOYMENT_TARGET = 11.0;
				MTL_ENABLE_DEBUG_INFO = NO;
				SDKROOT = iphoneos;
				SWIFT_OPTIMIZATION_LEVEL = "-Owholemodule";
				VALIDATE_PRODUCT = YES;
			};
			name = Release;
		};
		BA8B83DA1F7D4C0900FC64C6 /* Debug */ = {
			isa = XCBuildConfiguration;
			baseConfigurationReference = 5C72E9BC7BA9370A23CAC385 /* Pods-CartonBox.debug.xcconfig */;
			buildSettings = {
				ASSETCATALOG_COMPILER_APPICON_NAME = AppIcon;
				CODE_SIGN_ENTITLEMENTS = CartonBox/CartonBox.entitlements;
				CODE_SIGN_STYLE = Automatic;
				DEVELOPMENT_TEAM = V2AXQXNERZ;
				FRAMEWORK_SEARCH_PATHS = (
					"$(inherited)",
					"\"$PODS_CONFIGURATION_BUILD_DIR/AWSCognito\"",
					"\"$PODS_CONFIGURATION_BUILD_DIR/AWSCognitoIdentityProvider\"",
					"\"$PODS_CONFIGURATION_BUILD_DIR/AWSCore\"",
					"\"$PODS_CONFIGURATION_BUILD_DIR/AWSDynamoDB\"",
					"\"$PODS_CONFIGURATION_BUILD_DIR/AWSLambda\"",
					"\"$PODS_CONFIGURATION_BUILD_DIR/AWSRekognition\"",
					"\"$PODS_CONFIGURATION_BUILD_DIR/AWSS3\"",
					"\"$PODS_CONFIGURATION_BUILD_DIR/AWSSNS\"",
					"\"$PODS_CONFIGURATION_BUILD_DIR/AWSSQS\"",
					"\"$PODS_CONFIGURATION_BUILD_DIR/AWSSimpleDB\"",
					/Users/kayweng/Documents/Framework,
				);
				INFOPLIST_FILE = CartonBox/Info.plist;
				LD_RUNPATH_SEARCH_PATHS = "$(inherited) @executable_path/Frameworks";
				PRODUCT_BUNDLE_IDENTIFIER = ios.kayweng.CartonBox;
				PRODUCT_NAME = "$(TARGET_NAME)";
				SWIFT_VERSION = 4.0;
				TARGETED_DEVICE_FAMILY = "1,2";
			};
			name = Debug;
		};
		BA8B83DB1F7D4C0900FC64C6 /* Release */ = {
			isa = XCBuildConfiguration;
			baseConfigurationReference = 3B8377867803C4C94A497B5A /* Pods-CartonBox.release.xcconfig */;
			buildSettings = {
				ASSETCATALOG_COMPILER_APPICON_NAME = AppIcon;
				CODE_SIGN_ENTITLEMENTS = CartonBox/CartonBox.entitlements;
				CODE_SIGN_STYLE = Automatic;
				DEVELOPMENT_TEAM = V2AXQXNERZ;
				FRAMEWORK_SEARCH_PATHS = (
					"$(inherited)",
					"\"$PODS_CONFIGURATION_BUILD_DIR/AWSCognito\"",
					"\"$PODS_CONFIGURATION_BUILD_DIR/AWSCognitoIdentityProvider\"",
					"\"$PODS_CONFIGURATION_BUILD_DIR/AWSCore\"",
					"\"$PODS_CONFIGURATION_BUILD_DIR/AWSDynamoDB\"",
					"\"$PODS_CONFIGURATION_BUILD_DIR/AWSLambda\"",
					"\"$PODS_CONFIGURATION_BUILD_DIR/AWSRekognition\"",
					"\"$PODS_CONFIGURATION_BUILD_DIR/AWSS3\"",
					"\"$PODS_CONFIGURATION_BUILD_DIR/AWSSNS\"",
					"\"$PODS_CONFIGURATION_BUILD_DIR/AWSSQS\"",
					"\"$PODS_CONFIGURATION_BUILD_DIR/AWSSimpleDB\"",
					/Users/kayweng/Documents/Framework,
				);
				INFOPLIST_FILE = CartonBox/Info.plist;
				LD_RUNPATH_SEARCH_PATHS = "$(inherited) @executable_path/Frameworks";
				PRODUCT_BUNDLE_IDENTIFIER = ios.kayweng.CartonBox;
				PRODUCT_NAME = "$(TARGET_NAME)";
				SWIFT_VERSION = 4.0;
				TARGETED_DEVICE_FAMILY = "1,2";
			};
			name = Release;
		};
		BA8B83DD1F7D4C0900FC64C6 /* Debug */ = {
			isa = XCBuildConfiguration;
			baseConfigurationReference = CD0971BFFFB745BC85D34965 /* Pods-CartonBoxTests.debug.xcconfig */;
			buildSettings = {
				ALWAYS_EMBED_SWIFT_STANDARD_LIBRARIES = YES;
				BUNDLE_LOADER = "$(TEST_HOST)";
				CODE_SIGN_STYLE = Automatic;
				DEVELOPMENT_TEAM = V2AXQXNERZ;
				INFOPLIST_FILE = CartonBoxTests/Info.plist;
				LD_RUNPATH_SEARCH_PATHS = "$(inherited) @executable_path/Frameworks @loader_path/Frameworks";
				PRODUCT_BUNDLE_IDENTIFIER = ios.kayweng.CartonBoxTests;
				PRODUCT_NAME = "$(TARGET_NAME)";
				SWIFT_VERSION = 4.0;
				TARGETED_DEVICE_FAMILY = "1,2";
				TEST_HOST = "$(BUILT_PRODUCTS_DIR)/CartonBox.app/CartonBox";
			};
			name = Debug;
		};
		BA8B83DE1F7D4C0900FC64C6 /* Release */ = {
			isa = XCBuildConfiguration;
			baseConfigurationReference = 7B6CC8D387D8F08293C6F59C /* Pods-CartonBoxTests.release.xcconfig */;
			buildSettings = {
				ALWAYS_EMBED_SWIFT_STANDARD_LIBRARIES = YES;
				BUNDLE_LOADER = "$(TEST_HOST)";
				CODE_SIGN_STYLE = Automatic;
				DEVELOPMENT_TEAM = V2AXQXNERZ;
				INFOPLIST_FILE = CartonBoxTests/Info.plist;
				LD_RUNPATH_SEARCH_PATHS = "$(inherited) @executable_path/Frameworks @loader_path/Frameworks";
				PRODUCT_BUNDLE_IDENTIFIER = ios.kayweng.CartonBoxTests;
				PRODUCT_NAME = "$(TARGET_NAME)";
				SWIFT_VERSION = 4.0;
				TARGETED_DEVICE_FAMILY = "1,2";
				TEST_HOST = "$(BUILT_PRODUCTS_DIR)/CartonBox.app/CartonBox";
			};
			name = Release;
		};
/* End XCBuildConfiguration section */

/* Begin XCConfigurationList section */
		BA8B83B51F7D4C0900FC64C6 /* Build configuration list for PBXProject "CartonBox" */ = {
			isa = XCConfigurationList;
			buildConfigurations = (
				BA8B83D71F7D4C0900FC64C6 /* Debug */,
				BA8B83D81F7D4C0900FC64C6 /* Release */,
			);
			defaultConfigurationIsVisible = 0;
			defaultConfigurationName = Release;
		};
		BA8B83D91F7D4C0900FC64C6 /* Build configuration list for PBXNativeTarget "CartonBox" */ = {
			isa = XCConfigurationList;
			buildConfigurations = (
				BA8B83DA1F7D4C0900FC64C6 /* Debug */,
				BA8B83DB1F7D4C0900FC64C6 /* Release */,
			);
			defaultConfigurationIsVisible = 0;
			defaultConfigurationName = Release;
		};
		BA8B83DC1F7D4C0900FC64C6 /* Build configuration list for PBXNativeTarget "CartonBoxTests" */ = {
			isa = XCConfigurationList;
			buildConfigurations = (
				BA8B83DD1F7D4C0900FC64C6 /* Debug */,
				BA8B83DE1F7D4C0900FC64C6 /* Release */,
			);
			defaultConfigurationIsVisible = 0;
			defaultConfigurationName = Release;
		};
/* End XCConfigurationList section */
	};
	rootObject = BA8B83B21F7D4C0900FC64C6 /* Project object */;
}
